
Microsoft Visual Studio Solution File, Format Version 12.00
# Visual Studio 14
VisualStudioVersion = 14.0.25420.1
MinimumVisualStudioVersion = 10.0.40219.1
Project("{FAE04EC0-301F-11D3-BF4B-00C04F79EFBC}") = "square of stars", "square of stars\square of stars.csproj", "{9A958800-FCCE-4225-B2EF-A1BCD499553C}"
EndProject
Global
	GlobalSection(SolutionConfigurationPlatforms) = preSolution
		Debug|Any CPU = Debug|Any CPU
		Release|Any CPU = Release|Any CPU
	EndGlobalSection
	GlobalSection(ProjectConfigurationPlatforms) = postSolution
		{9A958800-FCCE-4225-B2EF-A1BCD499553C}.Debug|Any CPU.ActiveCfg = Debug|Any CPU
		{9A958800-FCCE-4225-B2EF-A1BCD499553C}.Debug|Any CPU.Build.0 = Debug|Any CPU
		{9A958800-FCCE-4225-B2EF-A1BCD499553C}.Release|Any CPU.ActiveCfg = Release|Any CPU
		{9A958800-FCCE-4225-B2EF-A1BCD499553C}.Release|Any CPU.Build.0 = Release|Any CPU
	EndGlobalSection
	GlobalSection(SolutionProperties) = preSolution
		HideSolutionNode = FALSE
	EndGlobalSection
EndGlobal
