
Microsoft Visual Studio Solution File, Format Version 12.00
# Visual Studio 14
VisualStudioVersion = 14.0.25420.1
MinimumVisualStudioVersion = 10.0.40219.1
Project("{FAE04EC0-301F-11D3-BF4B-00C04F79EFBC}") = "01 Test Mest", "01 Test Mest\01 Test Mest.csproj", "{1043FB59-B5E7-422E-BD8E-B9F2D4AD59C3}"
EndProject
Project("{FAE04EC0-301F-11D3-BF4B-00C04F79EFBC}") = "03 Stuff", "03 Stuff\03 Stuff.csproj", "{80E323BB-3A53-4974-A392-E15C0374680A}"
EndProject
Project("{FAE04EC0-301F-11D3-BF4B-00C04F79EFBC}") = "02 Square of Stars", "02 Square of Stars\02 Square of Stars.csproj", "{25E184B9-DD99-4AE3-812B-A0C425C84300}"
EndProject
Project("{FAE04EC0-301F-11D3-BF4B-00C04F79EFBC}") = "04 Dolari", "04 Dolari\04 Dolari.csproj", "{A666AE37-2F4C-4393-A0F5-083D8B4D8D1D}"
EndProject
Project("{FAE04EC0-301F-11D3-BF4B-00C04F79EFBC}") = "05 Square Frame", "05 Square Frame\05 Square Frame.csproj", "{0CF12CAA-9829-4198-BA03-9D81B2461D06}"
EndProject
Project("{FAE04EC0-301F-11D3-BF4B-00C04F79EFBC}") = "06 Rhumb", "06 Rhumb\06 Rhumb.csproj", "{3659DA73-99BB-4802-9D27-69989048D1C6}"
EndProject
Project("{FAE04EC0-301F-11D3-BF4B-00C04F79EFBC}") = "6 Rhumb 222", "6 Rhumb 222\6 Rhumb 222.csproj", "{89F31517-FA31-494E-B432-985BD2A2FE79}"
EndProject
Project("{FAE04EC0-301F-11D3-BF4B-00C04F79EFBC}") = "6 Rhumb 111", "6 Rhumb 111\6 Rhumb 111.csproj", "{AEED0A02-D14A-4F9B-9BF6-114FE89F1D89}"
EndProject
Project("{FAE04EC0-301F-11D3-BF4B-00C04F79EFBC}") = "07 Christmas Tree", "07 Christmas Tree\07 Christmas Tree.csproj", "{5545E5B8-EDDB-4201-AA47-59AE8FB37AED}"
EndProject
Project("{FAE04EC0-301F-11D3-BF4B-00C04F79EFBC}") = "7 Ch Tree 2", "7 Ch Tree 2\7 Ch Tree 2.csproj", "{C09FA195-79C3-413C-8131-F25A91BDBCA4}"
EndProject
Project("{FAE04EC0-301F-11D3-BF4B-00C04F79EFBC}") = "04 Dolari 0111", "04 Dolari 0111\04 Dolari 0111.csproj", "{76CAC55C-6FAE-41E3-9FE3-6A38F900DA61}"
EndProject
Project("{FAE04EC0-301F-11D3-BF4B-00C04F79EFBC}") = "05 Square Frame 01111", "05 Square Frame 01111\05 Square Frame 01111.csproj", "{9A178D21-CEE5-479C-8DFD-37802F009F92}"
EndProject
Project("{FAE04EC0-301F-11D3-BF4B-00C04F79EFBC}") = "08 Sunglasses", "08 Sunglasses\08 Sunglasses.csproj", "{640380DB-D405-4EAB-A163-0B42D154CD75}"
EndProject
Project("{FAE04EC0-301F-11D3-BF4B-00C04F79EFBC}") = "09 House", "09 House\09 House.csproj", "{0CE14B2B-FBCF-49C6-B21E-E8729790E7BB}"
EndProject
Project("{FAE04EC0-301F-11D3-BF4B-00C04F79EFBC}") = "10 Diamond", "10 Diamond\10 Diamond.csproj", "{F5A01058-9418-49FC-8EE5-8A31C0617821}"
EndProject
Project("{FAE04EC0-301F-11D3-BF4B-00C04F79EFBC}") = "12 Fortress", "12 Fortress\12 Fortress.csproj", "{BDFE72E6-E614-477A-B862-7558E5CE6F37}"
EndProject
Project("{FAE04EC0-301F-11D3-BF4B-00C04F79EFBC}") = "13 Butterfly", "13 Butterfly\13 Butterfly.csproj", "{4D36C85B-BDAC-43A7-852B-2216E7B219EA}"
EndProject
Project("{FAE04EC0-301F-11D3-BF4B-00C04F79EFBC}") = "14 Stop Sign", "14 Stop Sign\14 Stop Sign.csproj", "{761DEA6F-7701-441C-B308-098DB8427F3B}"
EndProject
Global
	GlobalSection(SolutionConfigurationPlatforms) = preSolution
		Debug|Any CPU = Debug|Any CPU
		Release|Any CPU = Release|Any CPU
	EndGlobalSection
	GlobalSection(ProjectConfigurationPlatforms) = postSolution
		{1043FB59-B5E7-422E-BD8E-B9F2D4AD59C3}.Debug|Any CPU.ActiveCfg = Debug|Any CPU
		{1043FB59-B5E7-422E-BD8E-B9F2D4AD59C3}.Debug|Any CPU.Build.0 = Debug|Any CPU
		{1043FB59-B5E7-422E-BD8E-B9F2D4AD59C3}.Release|Any CPU.ActiveCfg = Release|Any CPU
		{1043FB59-B5E7-422E-BD8E-B9F2D4AD59C3}.Release|Any CPU.Build.0 = Release|Any CPU
		{80E323BB-3A53-4974-A392-E15C0374680A}.Debug|Any CPU.ActiveCfg = Debug|Any CPU
		{80E323BB-3A53-4974-A392-E15C0374680A}.Debug|Any CPU.Build.0 = Debug|Any CPU
		{80E323BB-3A53-4974-A392-E15C0374680A}.Release|Any CPU.ActiveCfg = Release|Any CPU
		{80E323BB-3A53-4974-A392-E15C0374680A}.Release|Any CPU.Build.0 = Release|Any CPU
		{25E184B9-DD99-4AE3-812B-A0C425C84300}.Debug|Any CPU.ActiveCfg = Debug|Any CPU
		{25E184B9-DD99-4AE3-812B-A0C425C84300}.Debug|Any CPU.Build.0 = Debug|Any CPU
		{25E184B9-DD99-4AE3-812B-A0C425C84300}.Release|Any CPU.ActiveCfg = Release|Any CPU
		{25E184B9-DD99-4AE3-812B-A0C425C84300}.Release|Any CPU.Build.0 = Release|Any CPU
		{A666AE37-2F4C-4393-A0F5-083D8B4D8D1D}.Debug|Any CPU.ActiveCfg = Debug|Any CPU
		{A666AE37-2F4C-4393-A0F5-083D8B4D8D1D}.Debug|Any CPU.Build.0 = Debug|Any CPU
		{A666AE37-2F4C-4393-A0F5-083D8B4D8D1D}.Release|Any CPU.ActiveCfg = Release|Any CPU
		{A666AE37-2F4C-4393-A0F5-083D8B4D8D1D}.Release|Any CPU.Build.0 = Release|Any CPU
		{0CF12CAA-9829-4198-BA03-9D81B2461D06}.Debug|Any CPU.ActiveCfg = Debug|Any CPU
		{0CF12CAA-9829-4198-BA03-9D81B2461D06}.Debug|Any CPU.Build.0 = Debug|Any CPU
		{0CF12CAA-9829-4198-BA03-9D81B2461D06}.Release|Any CPU.ActiveCfg = Release|Any CPU
		{0CF12CAA-9829-4198-BA03-9D81B2461D06}.Release|Any CPU.Build.0 = Release|Any CPU
		{3659DA73-99BB-4802-9D27-69989048D1C6}.Debug|Any CPU.ActiveCfg = Debug|Any CPU
		{3659DA73-99BB-4802-9D27-69989048D1C6}.Debug|Any CPU.Build.0 = Debug|Any CPU
		{3659DA73-99BB-4802-9D27-69989048D1C6}.Release|Any CPU.ActiveCfg = Release|Any CPU
		{3659DA73-99BB-4802-9D27-69989048D1C6}.Release|Any CPU.Build.0 = Release|Any CPU
		{89F31517-FA31-494E-B432-985BD2A2FE79}.Debug|Any CPU.ActiveCfg = Debug|Any CPU
		{89F31517-FA31-494E-B432-985BD2A2FE79}.Debug|Any CPU.Build.0 = Debug|Any CPU
		{89F31517-FA31-494E-B432-985BD2A2FE79}.Release|Any CPU.ActiveCfg = Release|Any CPU
		{89F31517-FA31-494E-B432-985BD2A2FE79}.Release|Any CPU.Build.0 = Release|Any CPU
		{AEED0A02-D14A-4F9B-9BF6-114FE89F1D89}.Debug|Any CPU.ActiveCfg = Debug|Any CPU
		{AEED0A02-D14A-4F9B-9BF6-114FE89F1D89}.Debug|Any CPU.Build.0 = Debug|Any CPU
		{AEED0A02-D14A-4F9B-9BF6-114FE89F1D89}.Release|Any CPU.ActiveCfg = Release|Any CPU
		{AEED0A02-D14A-4F9B-9BF6-114FE89F1D89}.Release|Any CPU.Build.0 = Release|Any CPU
		{5545E5B8-EDDB-4201-AA47-59AE8FB37AED}.Debug|Any CPU.ActiveCfg = Debug|Any CPU
		{5545E5B8-EDDB-4201-AA47-59AE8FB37AED}.Debug|Any CPU.Build.0 = Debug|Any CPU
		{5545E5B8-EDDB-4201-AA47-59AE8FB37AED}.Release|Any CPU.ActiveCfg = Release|Any CPU
		{5545E5B8-EDDB-4201-AA47-59AE8FB37AED}.Release|Any CPU.Build.0 = Release|Any CPU
		{C09FA195-79C3-413C-8131-F25A91BDBCA4}.Debug|Any CPU.ActiveCfg = Debug|Any CPU
		{C09FA195-79C3-413C-8131-F25A91BDBCA4}.Debug|Any CPU.Build.0 = Debug|Any CPU
		{C09FA195-79C3-413C-8131-F25A91BDBCA4}.Release|Any CPU.ActiveCfg = Release|Any CPU
		{C09FA195-79C3-413C-8131-F25A91BDBCA4}.Release|Any CPU.Build.0 = Release|Any CPU
		{76CAC55C-6FAE-41E3-9FE3-6A38F900DA61}.Debug|Any CPU.ActiveCfg = Debug|Any CPU
		{76CAC55C-6FAE-41E3-9FE3-6A38F900DA61}.Debug|Any CPU.Build.0 = Debug|Any CPU
		{76CAC55C-6FAE-41E3-9FE3-6A38F900DA61}.Release|Any CPU.ActiveCfg = Release|Any CPU
		{76CAC55C-6FAE-41E3-9FE3-6A38F900DA61}.Release|Any CPU.Build.0 = Release|Any CPU
		{9A178D21-CEE5-479C-8DFD-37802F009F92}.Debug|Any CPU.ActiveCfg = Debug|Any CPU
		{9A178D21-CEE5-479C-8DFD-37802F009F92}.Debug|Any CPU.Build.0 = Debug|Any CPU
		{9A178D21-CEE5-479C-8DFD-37802F009F92}.Release|Any CPU.ActiveCfg = Release|Any CPU
		{9A178D21-CEE5-479C-8DFD-37802F009F92}.Release|Any CPU.Build.0 = Release|Any CPU
		{640380DB-D405-4EAB-A163-0B42D154CD75}.Debug|Any CPU.ActiveCfg = Debug|Any CPU
		{640380DB-D405-4EAB-A163-0B42D154CD75}.Debug|Any CPU.Build.0 = Debug|Any CPU
		{640380DB-D405-4EAB-A163-0B42D154CD75}.Release|Any CPU.ActiveCfg = Release|Any CPU
		{640380DB-D405-4EAB-A163-0B42D154CD75}.Release|Any CPU.Build.0 = Release|Any CPU
		{0CE14B2B-FBCF-49C6-B21E-E8729790E7BB}.Debug|Any CPU.ActiveCfg = Debug|Any CPU
		{0CE14B2B-FBCF-49C6-B21E-E8729790E7BB}.Debug|Any CPU.Build.0 = Debug|Any CPU
		{0CE14B2B-FBCF-49C6-B21E-E8729790E7BB}.Release|Any CPU.ActiveCfg = Release|Any CPU
		{0CE14B2B-FBCF-49C6-B21E-E8729790E7BB}.Release|Any CPU.Build.0 = Release|Any CPU
		{F5A01058-9418-49FC-8EE5-8A31C0617821}.Debug|Any CPU.ActiveCfg = Debug|Any CPU
		{F5A01058-9418-49FC-8EE5-8A31C0617821}.Debug|Any CPU.Build.0 = Debug|Any CPU
		{F5A01058-9418-49FC-8EE5-8A31C0617821}.Release|Any CPU.ActiveCfg = Release|Any CPU
		{F5A01058-9418-49FC-8EE5-8A31C0617821}.Release|Any CPU.Build.0 = Release|Any CPU
		{BDFE72E6-E614-477A-B862-7558E5CE6F37}.Debug|Any CPU.ActiveCfg = Debug|Any CPU
		{BDFE72E6-E614-477A-B862-7558E5CE6F37}.Debug|Any CPU.Build.0 = Debug|Any CPU
		{BDFE72E6-E614-477A-B862-7558E5CE6F37}.Release|Any CPU.ActiveCfg = Release|Any CPU
		{BDFE72E6-E614-477A-B862-7558E5CE6F37}.Release|Any CPU.Build.0 = Release|Any CPU
		{4D36C85B-BDAC-43A7-852B-2216E7B219EA}.Debug|Any CPU.ActiveCfg = Debug|Any CPU
		{4D36C85B-BDAC-43A7-852B-2216E7B219EA}.Debug|Any CPU.Build.0 = Debug|Any CPU
		{4D36C85B-BDAC-43A7-852B-2216E7B219EA}.Release|Any CPU.ActiveCfg = Release|Any CPU
		{4D36C85B-BDAC-43A7-852B-2216E7B219EA}.Release|Any CPU.Build.0 = Release|Any CPU
		{761DEA6F-7701-441C-B308-098DB8427F3B}.Debug|Any CPU.ActiveCfg = Debug|Any CPU
		{761DEA6F-7701-441C-B308-098DB8427F3B}.Debug|Any CPU.Build.0 = Debug|Any CPU
		{761DEA6F-7701-441C-B308-098DB8427F3B}.Release|Any CPU.ActiveCfg = Release|Any CPU
		{761DEA6F-7701-441C-B308-098DB8427F3B}.Release|Any CPU.Build.0 = Release|Any CPU
	EndGlobalSection
	GlobalSection(SolutionProperties) = preSolution
		HideSolutionNode = FALSE
	EndGlobalSection
EndGlobal
