
Microsoft Visual Studio Solution File, Format Version 12.00
# Visual Studio 14
VisualStudioVersion = 14.0.25420.1
MinimumVisualStudioVersion = 10.0.40219.1
Project("{FAE04EC0-301F-11D3-BF4B-00C04F79EFBC}") = "01 Test", "01 Test\01 Test.csproj", "{2F0AAE0C-672C-4433-807B-0BB0B71A5416}"
EndProject
Project("{FAE04EC0-301F-11D3-BF4B-00C04F79EFBC}") = "02 Shop", "02 Shop\02 Shop.csproj", "{31D2FAA3-3610-4057-B3E0-0E775D32AE4C}"
EndProject
Project("{FAE04EC0-301F-11D3-BF4B-00C04F79EFBC}") = "03 Rectangle", "03 Rectangle\03 Rectangle.csproj", "{1F643D21-818A-442B-A628-2D5A3E9A1492}"
EndProject
Project("{FAE04EC0-301F-11D3-BF4B-00C04F79EFBC}") = "04 Fruit or Veg", "04 Fruit or Veg\04 Fruit or Veg.csproj", "{09EB4A75-280E-45DC-ABEB-B1CF2EB8202E}"
EndProject
Project("{FAE04EC0-301F-11D3-BF4B-00C04F79EFBC}") = "05 Inv Num", "05 Inv Num\05 Inv Num.csproj", "{E0FA1A64-A91E-49E1-A2E6-AE62139A2D67}"
EndProject
Project("{FAE04EC0-301F-11D3-BF4B-00C04F79EFBC}") = "06 Border", "06 Border\06 Border.csproj", "{F6EAC806-6182-4801-8D8F-65DC151DDE79}"
EndProject
Project("{FAE04EC0-301F-11D3-BF4B-00C04F79EFBC}") = "07 Shop", "07 Shop\07 Shop.csproj", "{B762B685-1812-46C0-BE27-3AF9A246646F}"
EndProject
Project("{FAE04EC0-301F-11D3-BF4B-00C04F79EFBC}") = "08 Comission", "08 Comission\08 Comission.csproj", "{CBD03BBC-C227-4245-BF69-895A50BC71DB}"
EndProject
Project("{FAE04EC0-301F-11D3-BF4B-00C04F79EFBC}") = "09 weekday", "09 weekday\09 weekday.csproj", "{80AF1475-9D70-4056-A592-10D7890EFCB9}"
EndProject
Project("{FAE04EC0-301F-11D3-BF4B-00C04F79EFBC}") = "10 Animal", "10 Animal\10 Animal.csproj", "{3C5CFE65-B422-4C84-9DCC-37B19DD49634}"
EndProject
Project("{FAE04EC0-301F-11D3-BF4B-00C04F79EFBC}") = "11 Kino", "11 Kino\11 Kino.csproj", "{9E70D9E0-51AC-495E-B232-B9B790BB7E47}"
EndProject
Project("{FAE04EC0-301F-11D3-BF4B-00C04F79EFBC}") = "12 Vball", "12 Vball\12 Vball.csproj", "{1E12A9B0-0788-4630-A871-DC7205846EC7}"
EndProject
Project("{FAE04EC0-301F-11D3-BF4B-00C04F79EFBC}") = "13 FIGURE", "13 FIGURE\13 FIGURE.csproj", "{5C851206-F659-4F15-94F7-55D7050387ED}"
EndProject
Project("{FAE04EC0-301F-11D3-BF4B-00C04F79EFBC}") = "19 Hotel Room", "19 Hotel Room\19 Hotel Room.csproj", "{ADEB5A2D-4BFD-4111-9A10-0FD2D06B60D4}"
EndProject
Project("{FAE04EC0-301F-11D3-BF4B-00C04F79EFBC}") = "18 Tickets", "18 Tickets\18 Tickets.csproj", "{FFD2FA69-31B9-4940-921F-343EFF207320}"
EndProject
Project("{FAE04EC0-301F-11D3-BF4B-00C04F79EFBC}") = "16 Trip", "16 Trip\16 Trip.csproj", "{ECC01C79-3698-4F5F-9491-D34EB419BC7E}"
EndProject
Global
	GlobalSection(SolutionConfigurationPlatforms) = preSolution
		Debug|Any CPU = Debug|Any CPU
		Release|Any CPU = Release|Any CPU
	EndGlobalSection
	GlobalSection(ProjectConfigurationPlatforms) = postSolution
		{2F0AAE0C-672C-4433-807B-0BB0B71A5416}.Debug|Any CPU.ActiveCfg = Debug|Any CPU
		{2F0AAE0C-672C-4433-807B-0BB0B71A5416}.Debug|Any CPU.Build.0 = Debug|Any CPU
		{2F0AAE0C-672C-4433-807B-0BB0B71A5416}.Release|Any CPU.ActiveCfg = Release|Any CPU
		{2F0AAE0C-672C-4433-807B-0BB0B71A5416}.Release|Any CPU.Build.0 = Release|Any CPU
		{31D2FAA3-3610-4057-B3E0-0E775D32AE4C}.Debug|Any CPU.ActiveCfg = Debug|Any CPU
		{31D2FAA3-3610-4057-B3E0-0E775D32AE4C}.Debug|Any CPU.Build.0 = Debug|Any CPU
		{31D2FAA3-3610-4057-B3E0-0E775D32AE4C}.Release|Any CPU.ActiveCfg = Release|Any CPU
		{31D2FAA3-3610-4057-B3E0-0E775D32AE4C}.Release|Any CPU.Build.0 = Release|Any CPU
		{1F643D21-818A-442B-A628-2D5A3E9A1492}.Debug|Any CPU.ActiveCfg = Debug|Any CPU
		{1F643D21-818A-442B-A628-2D5A3E9A1492}.Debug|Any CPU.Build.0 = Debug|Any CPU
		{1F643D21-818A-442B-A628-2D5A3E9A1492}.Release|Any CPU.ActiveCfg = Release|Any CPU
		{1F643D21-818A-442B-A628-2D5A3E9A1492}.Release|Any CPU.Build.0 = Release|Any CPU
		{09EB4A75-280E-45DC-ABEB-B1CF2EB8202E}.Debug|Any CPU.ActiveCfg = Debug|Any CPU
		{09EB4A75-280E-45DC-ABEB-B1CF2EB8202E}.Debug|Any CPU.Build.0 = Debug|Any CPU
		{09EB4A75-280E-45DC-ABEB-B1CF2EB8202E}.Release|Any CPU.ActiveCfg = Release|Any CPU
		{09EB4A75-280E-45DC-ABEB-B1CF2EB8202E}.Release|Any CPU.Build.0 = Release|Any CPU
		{E0FA1A64-A91E-49E1-A2E6-AE62139A2D67}.Debug|Any CPU.ActiveCfg = Debug|Any CPU
		{E0FA1A64-A91E-49E1-A2E6-AE62139A2D67}.Debug|Any CPU.Build.0 = Debug|Any CPU
		{E0FA1A64-A91E-49E1-A2E6-AE62139A2D67}.Release|Any CPU.ActiveCfg = Release|Any CPU
		{E0FA1A64-A91E-49E1-A2E6-AE62139A2D67}.Release|Any CPU.Build.0 = Release|Any CPU
		{F6EAC806-6182-4801-8D8F-65DC151DDE79}.Debug|Any CPU.ActiveCfg = Debug|Any CPU
		{F6EAC806-6182-4801-8D8F-65DC151DDE79}.Debug|Any CPU.Build.0 = Debug|Any CPU
		{F6EAC806-6182-4801-8D8F-65DC151DDE79}.Release|Any CPU.ActiveCfg = Release|Any CPU
		{F6EAC806-6182-4801-8D8F-65DC151DDE79}.Release|Any CPU.Build.0 = Release|Any CPU
		{B762B685-1812-46C0-BE27-3AF9A246646F}.Debug|Any CPU.ActiveCfg = Debug|Any CPU
		{B762B685-1812-46C0-BE27-3AF9A246646F}.Debug|Any CPU.Build.0 = Debug|Any CPU
		{B762B685-1812-46C0-BE27-3AF9A246646F}.Release|Any CPU.ActiveCfg = Release|Any CPU
		{B762B685-1812-46C0-BE27-3AF9A246646F}.Release|Any CPU.Build.0 = Release|Any CPU
		{CBD03BBC-C227-4245-BF69-895A50BC71DB}.Debug|Any CPU.ActiveCfg = Debug|Any CPU
		{CBD03BBC-C227-4245-BF69-895A50BC71DB}.Debug|Any CPU.Build.0 = Debug|Any CPU
		{CBD03BBC-C227-4245-BF69-895A50BC71DB}.Release|Any CPU.ActiveCfg = Release|Any CPU
		{CBD03BBC-C227-4245-BF69-895A50BC71DB}.Release|Any CPU.Build.0 = Release|Any CPU
		{80AF1475-9D70-4056-A592-10D7890EFCB9}.Debug|Any CPU.ActiveCfg = Debug|Any CPU
		{80AF1475-9D70-4056-A592-10D7890EFCB9}.Debug|Any CPU.Build.0 = Debug|Any CPU
		{80AF1475-9D70-4056-A592-10D7890EFCB9}.Release|Any CPU.ActiveCfg = Release|Any CPU
		{80AF1475-9D70-4056-A592-10D7890EFCB9}.Release|Any CPU.Build.0 = Release|Any CPU
		{3C5CFE65-B422-4C84-9DCC-37B19DD49634}.Debug|Any CPU.ActiveCfg = Debug|Any CPU
		{3C5CFE65-B422-4C84-9DCC-37B19DD49634}.Debug|Any CPU.Build.0 = Debug|Any CPU
		{3C5CFE65-B422-4C84-9DCC-37B19DD49634}.Release|Any CPU.ActiveCfg = Release|Any CPU
		{3C5CFE65-B422-4C84-9DCC-37B19DD49634}.Release|Any CPU.Build.0 = Release|Any CPU
		{9E70D9E0-51AC-495E-B232-B9B790BB7E47}.Debug|Any CPU.ActiveCfg = Debug|Any CPU
		{9E70D9E0-51AC-495E-B232-B9B790BB7E47}.Debug|Any CPU.Build.0 = Debug|Any CPU
		{9E70D9E0-51AC-495E-B232-B9B790BB7E47}.Release|Any CPU.ActiveCfg = Release|Any CPU
		{9E70D9E0-51AC-495E-B232-B9B790BB7E47}.Release|Any CPU.Build.0 = Release|Any CPU
		{1E12A9B0-0788-4630-A871-DC7205846EC7}.Debug|Any CPU.ActiveCfg = Debug|Any CPU
		{1E12A9B0-0788-4630-A871-DC7205846EC7}.Debug|Any CPU.Build.0 = Debug|Any CPU
		{1E12A9B0-0788-4630-A871-DC7205846EC7}.Release|Any CPU.ActiveCfg = Release|Any CPU
		{1E12A9B0-0788-4630-A871-DC7205846EC7}.Release|Any CPU.Build.0 = Release|Any CPU
		{5C851206-F659-4F15-94F7-55D7050387ED}.Debug|Any CPU.ActiveCfg = Debug|Any CPU
		{5C851206-F659-4F15-94F7-55D7050387ED}.Debug|Any CPU.Build.0 = Debug|Any CPU
		{5C851206-F659-4F15-94F7-55D7050387ED}.Release|Any CPU.ActiveCfg = Release|Any CPU
		{5C851206-F659-4F15-94F7-55D7050387ED}.Release|Any CPU.Build.0 = Release|Any CPU
		{ADEB5A2D-4BFD-4111-9A10-0FD2D06B60D4}.Debug|Any CPU.ActiveCfg = Debug|Any CPU
		{ADEB5A2D-4BFD-4111-9A10-0FD2D06B60D4}.Debug|Any CPU.Build.0 = Debug|Any CPU
		{ADEB5A2D-4BFD-4111-9A10-0FD2D06B60D4}.Release|Any CPU.ActiveCfg = Release|Any CPU
		{ADEB5A2D-4BFD-4111-9A10-0FD2D06B60D4}.Release|Any CPU.Build.0 = Release|Any CPU
		{FFD2FA69-31B9-4940-921F-343EFF207320}.Debug|Any CPU.ActiveCfg = Debug|Any CPU
		{FFD2FA69-31B9-4940-921F-343EFF207320}.Debug|Any CPU.Build.0 = Debug|Any CPU
		{FFD2FA69-31B9-4940-921F-343EFF207320}.Release|Any CPU.ActiveCfg = Release|Any CPU
		{FFD2FA69-31B9-4940-921F-343EFF207320}.Release|Any CPU.Build.0 = Release|Any CPU
		{ECC01C79-3698-4F5F-9491-D34EB419BC7E}.Debug|Any CPU.ActiveCfg = Debug|Any CPU
		{ECC01C79-3698-4F5F-9491-D34EB419BC7E}.Debug|Any CPU.Build.0 = Debug|Any CPU
		{ECC01C79-3698-4F5F-9491-D34EB419BC7E}.Release|Any CPU.ActiveCfg = Release|Any CPU
		{ECC01C79-3698-4F5F-9491-D34EB419BC7E}.Release|Any CPU.Build.0 = Release|Any CPU
	EndGlobalSection
	GlobalSection(SolutionProperties) = preSolution
		HideSolutionNode = FALSE
	EndGlobalSection
EndGlobal
