
Microsoft Visual Studio Solution File, Format Version 12.00
# Visual Studio 14
VisualStudioVersion = 14.0.25420.1
MinimumVisualStudioVersion = 10.0.40219.1
Project("{FAE04EC0-301F-11D3-BF4B-00C04F79EFBC}") = "01 First", "01 First\01 First.csproj", "{5A545D94-DC08-45B0-B1C8-0A5B1BCAABF8}"
EndProject
Project("{FAE04EC0-301F-11D3-BF4B-00C04F79EFBC}") = "02 Change of Tiles", "02 Change of Tiles\02 Change of Tiles.csproj", "{53A20E5B-EC02-4512-BC0A-B443900CD98A}"
EndProject
Project("{FAE04EC0-301F-11D3-BF4B-00C04F79EFBC}") = "03 Flowers", "03 Flowers\03 Flowers.csproj", "{8EC4123C-006D-41E5-B4CF-7151ABD31CBF}"
EndProject
Project("{FAE04EC0-301F-11D3-BF4B-00C04F79EFBC}") = "05 Christmas Hat", "05 Christmas Hat\05 Christmas Hat.csproj", "{B2F28C02-2826-493B-80C7-6D600E0FC841}"
EndProject
Project("{FAE04EC0-301F-11D3-BF4B-00C04F79EFBC}") = "06 Kombinaciq ot Bukvi", "06 Kombinaciq ot Bukvi\06 Kombinaciq ot Bukvi.csproj", "{5DCCB436-4C6E-4D82-AB2B-E891856188C3}"
EndProject
Project("{FAE04EC0-301F-11D3-BF4B-00C04F79EFBC}") = "04 Grades", "04 Grades\04 Grades.csproj", "{FD3FAD99-B064-4805-B7F2-767B3B71CD57}"
EndProject
Global
	GlobalSection(SolutionConfigurationPlatforms) = preSolution
		Debug|Any CPU = Debug|Any CPU
		Release|Any CPU = Release|Any CPU
	EndGlobalSection
	GlobalSection(ProjectConfigurationPlatforms) = postSolution
		{5A545D94-DC08-45B0-B1C8-0A5B1BCAABF8}.Debug|Any CPU.ActiveCfg = Debug|Any CPU
		{5A545D94-DC08-45B0-B1C8-0A5B1BCAABF8}.Debug|Any CPU.Build.0 = Debug|Any CPU
		{5A545D94-DC08-45B0-B1C8-0A5B1BCAABF8}.Release|Any CPU.ActiveCfg = Release|Any CPU
		{5A545D94-DC08-45B0-B1C8-0A5B1BCAABF8}.Release|Any CPU.Build.0 = Release|Any CPU
		{53A20E5B-EC02-4512-BC0A-B443900CD98A}.Debug|Any CPU.ActiveCfg = Debug|Any CPU
		{53A20E5B-EC02-4512-BC0A-B443900CD98A}.Debug|Any CPU.Build.0 = Debug|Any CPU
		{53A20E5B-EC02-4512-BC0A-B443900CD98A}.Release|Any CPU.ActiveCfg = Release|Any CPU
		{53A20E5B-EC02-4512-BC0A-B443900CD98A}.Release|Any CPU.Build.0 = Release|Any CPU
		{8EC4123C-006D-41E5-B4CF-7151ABD31CBF}.Debug|Any CPU.ActiveCfg = Debug|Any CPU
		{8EC4123C-006D-41E5-B4CF-7151ABD31CBF}.Debug|Any CPU.Build.0 = Debug|Any CPU
		{8EC4123C-006D-41E5-B4CF-7151ABD31CBF}.Release|Any CPU.ActiveCfg = Release|Any CPU
		{8EC4123C-006D-41E5-B4CF-7151ABD31CBF}.Release|Any CPU.Build.0 = Release|Any CPU
		{B2F28C02-2826-493B-80C7-6D600E0FC841}.Debug|Any CPU.ActiveCfg = Debug|Any CPU
		{B2F28C02-2826-493B-80C7-6D600E0FC841}.Debug|Any CPU.Build.0 = Debug|Any CPU
		{B2F28C02-2826-493B-80C7-6D600E0FC841}.Release|Any CPU.ActiveCfg = Release|Any CPU
		{B2F28C02-2826-493B-80C7-6D600E0FC841}.Release|Any CPU.Build.0 = Release|Any CPU
		{5DCCB436-4C6E-4D82-AB2B-E891856188C3}.Debug|Any CPU.ActiveCfg = Debug|Any CPU
		{5DCCB436-4C6E-4D82-AB2B-E891856188C3}.Debug|Any CPU.Build.0 = Debug|Any CPU
		{5DCCB436-4C6E-4D82-AB2B-E891856188C3}.Release|Any CPU.ActiveCfg = Release|Any CPU
		{5DCCB436-4C6E-4D82-AB2B-E891856188C3}.Release|Any CPU.Build.0 = Release|Any CPU
		{FD3FAD99-B064-4805-B7F2-767B3B71CD57}.Debug|Any CPU.ActiveCfg = Debug|Any CPU
		{FD3FAD99-B064-4805-B7F2-767B3B71CD57}.Debug|Any CPU.Build.0 = Debug|Any CPU
		{FD3FAD99-B064-4805-B7F2-767B3B71CD57}.Release|Any CPU.ActiveCfg = Release|Any CPU
		{FD3FAD99-B064-4805-B7F2-767B3B71CD57}.Release|Any CPU.Build.0 = Release|Any CPU
	EndGlobalSection
	GlobalSection(SolutionProperties) = preSolution
		HideSolutionNode = FALSE
	EndGlobalSection
EndGlobal
